
Microsoft Visual Studio Solution File, Format Version 12.00
# Visual Studio Version 16
VisualStudioVersion = 16.0.30011.22
MinimumVisualStudioVersion = 10.0.40219.1
Project("{FAE04EC0-301F-11D3-BF4B-00C04F79EFBC}") = "ToDoListBertoni.Android", "ToDoListBertoni\ToDoListBertoni.Android\ToDoListBertoni.Android.csproj", "{763479B0-A698-41F5-A0EB-E0CFEF919535}"
EndProject
Project("{FAE04EC0-301F-11D3-BF4B-00C04F79EFBC}") = "ToDoListBertoni.iOS", "ToDoListBertoni\ToDoListBertoni.iOS\ToDoListBertoni.iOS.csproj", "{077C9082-1A07-4460-B582-6E55BCE93717}"
EndProject
Project("{FAE04EC0-301F-11D3-BF4B-00C04F79EFBC}") = "ToDoListBertoni", "ToDoListBertoni\ToDoListBertoni\ToDoListBertoni.csproj", "{4FC035D1-422E-4B10-AE56-CD16EA589896}"
EndProject
Global
	GlobalSection(SolutionConfigurationPlatforms) = preSolution
		Debug|Any CPU = Debug|Any CPU
		Debug|iPhone = Debug|iPhone
		Debug|iPhoneSimulator = Debug|iPhoneSimulator
		Release|Any CPU = Release|Any CPU
		Release|iPhone = Release|iPhone
		Release|iPhoneSimulator = Release|iPhoneSimulator
	EndGlobalSection
	GlobalSection(ProjectConfigurationPlatforms) = postSolution
		{763479B0-A698-41F5-A0EB-E0CFEF919535}.Debug|Any CPU.ActiveCfg = Debug|Any CPU
		{763479B0-A698-41F5-A0EB-E0CFEF919535}.Debug|Any CPU.Build.0 = Debug|Any CPU
		{763479B0-A698-41F5-A0EB-E0CFEF919535}.Debug|Any CPU.Deploy.0 = Debug|Any CPU
		{763479B0-A698-41F5-A0EB-E0CFEF919535}.Debug|iPhone.ActiveCfg = Debug|Any CPU
		{763479B0-A698-41F5-A0EB-E0CFEF919535}.Debug|iPhone.Build.0 = Debug|Any CPU
		{763479B0-A698-41F5-A0EB-E0CFEF919535}.Debug|iPhone.Deploy.0 = Debug|Any CPU
		{763479B0-A698-41F5-A0EB-E0CFEF919535}.Debug|iPhoneSimulator.ActiveCfg = Debug|Any CPU
		{763479B0-A698-41F5-A0EB-E0CFEF919535}.Debug|iPhoneSimulator.Build.0 = Debug|Any CPU
		{763479B0-A698-41F5-A0EB-E0CFEF919535}.Debug|iPhoneSimulator.Deploy.0 = Debug|Any CPU
		{763479B0-A698-41F5-A0EB-E0CFEF919535}.Release|Any CPU.ActiveCfg = Release|Any CPU
		{763479B0-A698-41F5-A0EB-E0CFEF919535}.Release|Any CPU.Build.0 = Release|Any CPU
		{763479B0-A698-41F5-A0EB-E0CFEF919535}.Release|Any CPU.Deploy.0 = Release|Any CPU
		{763479B0-A698-41F5-A0EB-E0CFEF919535}.Release|iPhone.ActiveCfg = Release|Any CPU
		{763479B0-A698-41F5-A0EB-E0CFEF919535}.Release|iPhone.Build.0 = Release|Any CPU
		{763479B0-A698-41F5-A0EB-E0CFEF919535}.Release|iPhone.Deploy.0 = Release|Any CPU
		{763479B0-A698-41F5-A0EB-E0CFEF919535}.Release|iPhoneSimulator.ActiveCfg = Release|Any CPU
		{763479B0-A698-41F5-A0EB-E0CFEF919535}.Release|iPhoneSimulator.Build.0 = Release|Any CPU
		{763479B0-A698-41F5-A0EB-E0CFEF919535}.Release|iPhoneSimulator.Deploy.0 = Release|Any CPU
		{077C9082-1A07-4460-B582-6E55BCE93717}.Debug|Any CPU.ActiveCfg = Debug|iPhone
		{077C9082-1A07-4460-B582-6E55BCE93717}.Debug|Any CPU.Build.0 = Debug|iPhone
		{077C9082-1A07-4460-B582-6E55BCE93717}.Debug|Any CPU.Deploy.0 = Debug|iPhone
		{077C9082-1A07-4460-B582-6E55BCE93717}.Debug|iPhone.ActiveCfg = Debug|iPhone
		{077C9082-1A07-4460-B582-6E55BCE93717}.Debug|iPhone.Build.0 = Debug|iPhone
		{077C9082-1A07-4460-B582-6E55BCE93717}.Debug|iPhone.Deploy.0 = Debug|iPhone
		{077C9082-1A07-4460-B582-6E55BCE93717}.Debug|iPhoneSimulator.ActiveCfg = Debug|iPhoneSimulator
		{077C9082-1A07-4460-B582-6E55BCE93717}.Debug|iPhoneSimulator.Build.0 = Debug|iPhoneSimulator
		{077C9082-1A07-4460-B582-6E55BCE93717}.Debug|iPhoneSimulator.Deploy.0 = Debug|iPhoneSimulator
		{077C9082-1A07-4460-B582-6E55BCE93717}.Release|Any CPU.ActiveCfg = Release|iPhone
		{077C9082-1A07-4460-B582-6E55BCE93717}.Release|Any CPU.Build.0 = Release|iPhone
		{077C9082-1A07-4460-B582-6E55BCE93717}.Release|Any CPU.Deploy.0 = Release|iPhone
		{077C9082-1A07-4460-B582-6E55BCE93717}.Release|iPhone.ActiveCfg = Release|iPhone
		{077C9082-1A07-4460-B582-6E55BCE93717}.Release|iPhone.Build.0 = Release|iPhone
		{077C9082-1A07-4460-B582-6E55BCE93717}.Release|iPhone.Deploy.0 = Release|iPhone
		{077C9082-1A07-4460-B582-6E55BCE93717}.Release|iPhoneSimulator.ActiveCfg = Release|iPhoneSimulator
		{077C9082-1A07-4460-B582-6E55BCE93717}.Release|iPhoneSimulator.Build.0 = Release|iPhoneSimulator
		{077C9082-1A07-4460-B582-6E55BCE93717}.Release|iPhoneSimulator.Deploy.0 = Release|iPhoneSimulator
		{4FC035D1-422E-4B10-AE56-CD16EA589896}.Debug|Any CPU.ActiveCfg = Debug|Any CPU
		{4FC035D1-422E-4B10-AE56-CD16EA589896}.Debug|Any CPU.Build.0 = Debug|Any CPU
		{4FC035D1-422E-4B10-AE56-CD16EA589896}.Debug|Any CPU.Deploy.0 = Debug|Any CPU
		{4FC035D1-422E-4B10-AE56-CD16EA589896}.Debug|iPhone.ActiveCfg = Debug|Any CPU
		{4FC035D1-422E-4B10-AE56-CD16EA589896}.Debug|iPhone.Build.0 = Debug|Any CPU
		{4FC035D1-422E-4B10-AE56-CD16EA589896}.Debug|iPhone.Deploy.0 = Debug|Any CPU
		{4FC035D1-422E-4B10-AE56-CD16EA589896}.Debug|iPhoneSimulator.ActiveCfg = Debug|Any CPU
		{4FC035D1-422E-4B10-AE56-CD16EA589896}.Debug|iPhoneSimulator.Build.0 = Debug|Any CPU
		{4FC035D1-422E-4B10-AE56-CD16EA589896}.Debug|iPhoneSimulator.Deploy.0 = Debug|Any CPU
		{4FC035D1-422E-4B10-AE56-CD16EA589896}.Release|Any CPU.ActiveCfg = Release|Any CPU
		{4FC035D1-422E-4B10-AE56-CD16EA589896}.Release|Any CPU.Build.0 = Release|Any CPU
		{4FC035D1-422E-4B10-AE56-CD16EA589896}.Release|Any CPU.Deploy.0 = Release|Any CPU
		{4FC035D1-422E-4B10-AE56-CD16EA589896}.Release|iPhone.ActiveCfg = Release|Any CPU
		{4FC035D1-422E-4B10-AE56-CD16EA589896}.Release|iPhone.Build.0 = Release|Any CPU
		{4FC035D1-422E-4B10-AE56-CD16EA589896}.Release|iPhone.Deploy.0 = Release|Any CPU
		{4FC035D1-422E-4B10-AE56-CD16EA589896}.Release|iPhoneSimulator.ActiveCfg = Release|Any CPU
		{4FC035D1-422E-4B10-AE56-CD16EA589896}.Release|iPhoneSimulator.Build.0 = Release|Any CPU
		{4FC035D1-422E-4B10-AE56-CD16EA589896}.Release|iPhoneSimulator.Deploy.0 = Release|Any CPU
	EndGlobalSection
	GlobalSection(SolutionProperties) = preSolution
		HideSolutionNode = FALSE
	EndGlobalSection
	GlobalSection(ExtensibilityGlobals) = postSolution
		SolutionGuid = {D89E1E79-9FEC-48D2-B0A0-0AFEC63D7BEE}
	EndGlobalSection
EndGlobal
